<?xml version="1.0" encoding="utf-8"?>
<Project ToolsVersion="15.0" xmlns="http://schemas.microsoft.com/developer/msbuild/2003">
  <ItemGroup>
    <Filter Include="Libraries">
      <UniqueIdentifier>{93542143-d84e-48d5-a975-45ec5e515807}</UniqueIdentifier>
    </Filter>
    <Filter Include="Libraries\hl2comm">
      <UniqueIdentifier>{2f991f73-93da-422e-90f4-5a3b8e6fcfc9}</UniqueIdentifier>
    </Filter>
    <Filter Include="Source Files">
      <UniqueIdentifier>{0354bd08-5853-4f74-becb-24848d84eb71}</UniqueIdentifier>
    </Filter>
    <Filter Include="Header Files">
      <UniqueIdentifier>{b1ce91d2-71a5-4b7a-8315-c160291ada0b}</UniqueIdentifier>
    </Filter>
  </ItemGroup>
  <ItemGroup>
    <ClCompile Include="plugin.cpp">
      <Filter>Source Files</Filter>
    </ClCompile>
    <ClCompile Include="ipc.cpp">
      <Filter>Source Files</Filter>
    </ClCompile>
    <ClCompile Include="..\hl2comm\log.cpp">
      <Filter>Libraries\hl2comm</Filter>
    </ClCompile>
    <ClCompile Include="..\hl2comm\lock.cpp">
      <Filter>Libraries\hl2comm</Filter>
    </ClCompile>
    <ClCompile Include="..\hl2comm\manager.cpp">
      <Filter>Libraries\hl2comm</Filter>
    </ClCompile>
    <ClCompile Include="..\hl2comm\timestamps.cpp">
      <Filter>Libraries\hl2comm</Filter>
    </ClCompile>
  </ItemGroup>
  <ItemGroup>
    <ClInclude Include="ipc.h">
      <Filter>Header Files</Filter>
    </ClInclude>
    <ClInclude Include="plugin.h">
      <Filter>Header Files</Filter>
    </ClInclude>
    <ClInclude Include="plugin_exports.h">
      <Filter>Header Files</Filter>
    </ClInclude>
    <ClInclude Include="..\hl2comm\log.h">
      <Filter>Libraries\hl2comm</Filter>
    </ClInclude>
    <ClInclude Include="configuration.h">
      <Filter>Header Files</Filter>
    </ClInclude>
    <ClInclude Include="PlatformBase.h">
      <Filter>Header Files</Filter>
    </ClInclude>
    <ClInclude Include="Unity\IUnityGraphics.h">
      <Filter>Header Files</Filter>
    </ClInclude>
    <ClInclude Include="Unity\IUnityGraphicsD3D11.h">
      <Filter>Header Files</Filter>
    </ClInclude>
    <ClInclude Include="Unity\IUnityGraphicsD3D12.h">
      <Filter>Header Files</Filter>
    </ClInclude>
    <ClInclude Include="Unity\IUnityGraphicsMetal.h">
      <Filter>Header Files</Filter>
    </ClInclude>
    <ClInclude Include="Unity\IUnityGraphicsVulkan.h">
      <Filter>Header Files</Filter>
    </ClInclude>
    <ClInclude Include="Unity\IUnityInterface.h">
      <Filter>Header Files</Filter>
    </ClInclude>
    <ClInclude Include="..\hl2comm\lock.h">
      <Filter>Libraries\hl2comm</Filter>
    </ClInclude>
    <ClInclude Include="..\hl2comm\manager.h">
      <Filter>Libraries\hl2comm</Filter>
    </ClInclude>
    <ClInclude Include="..\hl2comm\timestamps.h">
      <Filter>Libraries\hl2comm</Filter>
    </ClInclude>
  </ItemGroup>
</Project>