<?xml version="1.0" encoding="utf-8"?>
<Project ToolsVersion="15.0" xmlns="http://schemas.microsoft.com/developer/msbuild/2003">
  <ItemGroup>
    <Filter Include="Libraries">
      <UniqueIdentifier>{93542143-d84e-48d5-a975-45ec5e515807}</UniqueIdentifier>
    </Filter>
    <Filter Include="Libraries\hl2ss">
      <UniqueIdentifier>{2f991f73-93da-422e-90f4-5a3b8e6fcfc9}</UniqueIdentifier>
    </Filter>
    <Filter Include="Source Files">
      <UniqueIdentifier>{0354bd08-5853-4f74-becb-24848d84eb71}</UniqueIdentifier>
    </Filter>
    <Filter Include="Header Files">
      <UniqueIdentifier>{b1ce91d2-71a5-4b7a-8315-c160291ada0b}</UniqueIdentifier>
    </Filter>
    <Filter Include="Libraries\SceneUnderstanding">
      <UniqueIdentifier>{22b77a89-1078-4c0e-8f72-7684fd56d840}</UniqueIdentifier>
    </Filter>
    <Filter Include="Libraries\Zdepth">
      <UniqueIdentifier>{e8fa783d-0410-4a7c-a784-21a5dac762b4}</UniqueIdentifier>
    </Filter>
    <Filter Include="Libraries\Zdepth\zstd">
      <UniqueIdentifier>{6a069fb5-8fb1-4326-9490-94402781b716}</UniqueIdentifier>
    </Filter>
  </ItemGroup>
  <ItemGroup>
    <ClCompile Include="..\hl2ss\custom_hook_callback.cpp">
      <Filter>Libraries\hl2ss</Filter>
    </ClCompile>
    <ClCompile Include="..\hl2ss\custom_media_buffers.cpp">
      <Filter>Libraries\hl2ss</Filter>
    </ClCompile>
    <ClCompile Include="..\hl2ss\custom_media_sink.cpp">
      <Filter>Libraries\hl2ss</Filter>
    </ClCompile>
    <ClCompile Include="..\hl2ss\custom_media_type_handler.cpp">
      <Filter>Libraries\hl2ss</Filter>
    </ClCompile>
    <ClCompile Include="..\hl2ss\custom_media_types.cpp">
      <Filter>Libraries\hl2ss</Filter>
    </ClCompile>
    <ClCompile Include="..\hl2ss\custom_sink_writers.cpp">
      <Filter>Libraries\hl2ss</Filter>
    </ClCompile>
    <ClCompile Include="..\hl2ss\custom_stream_sink.cpp">
      <Filter>Libraries\hl2ss</Filter>
    </ClCompile>
    <ClCompile Include="..\hl2ss\locator.cpp">
      <Filter>Libraries\hl2ss</Filter>
    </ClCompile>
    <ClCompile Include="..\hl2ss\microphone_capture.cpp">
      <Filter>Libraries\hl2ss</Filter>
    </ClCompile>
    <ClCompile Include="..\hl2ss\personal_video.cpp">
      <Filter>Libraries\hl2ss</Filter>
    </ClCompile>
    <ClCompile Include="..\hl2ss\research_mode.cpp">
      <Filter>Libraries\hl2ss</Filter>
    </ClCompile>
    <ClCompile Include="..\hl2ss\server.cpp">
      <Filter>Libraries\hl2ss</Filter>
    </ClCompile>
    <ClCompile Include="..\hl2ss\spatial_input.cpp">
      <Filter>Libraries\hl2ss</Filter>
    </ClCompile>
    <ClCompile Include="..\hl2ss\stream_mc.cpp">
      <Filter>Libraries\hl2ss</Filter>
    </ClCompile>
    <ClCompile Include="..\hl2ss\stream_pv.cpp">
      <Filter>Libraries\hl2ss</Filter>
    </ClCompile>
    <ClCompile Include="..\hl2ss\stream_rm.cpp">
      <Filter>Libraries\hl2ss</Filter>
    </ClCompile>
    <ClCompile Include="..\hl2ss\stream_rm_imu.cpp">
      <Filter>Libraries\hl2ss</Filter>
    </ClCompile>
    <ClCompile Include="..\hl2ss\stream_rm_vlc.cpp">
      <Filter>Libraries\hl2ss</Filter>
    </ClCompile>
    <ClCompile Include="plugin.cpp">
      <Filter>Source Files</Filter>
    </ClCompile>
    <ClCompile Include="ipc.cpp">
      <Filter>Source Files</Filter>
    </ClCompile>
    <ClCompile Include="..\hl2ss\stream_si.cpp">
      <Filter>Libraries\hl2ss</Filter>
    </ClCompile>
    <ClCompile Include="holographic_space_stub.cpp">
      <Filter>Source Files</Filter>
    </ClCompile>
    <ClCompile Include="..\hl2ss\timestamps.cpp">
      <Filter>Libraries\hl2ss</Filter>
    </ClCompile>
    <ClCompile Include="..\hl2ss\nfo.cpp">
      <Filter>Libraries\hl2ss</Filter>
    </ClCompile>
    <ClCompile Include="..\hl2ss\neon.cpp">
      <Filter>Libraries\hl2ss</Filter>
    </ClCompile>
    <ClCompile Include="..\hl2ss\ipc_sc.cpp">
      <Filter>Libraries\hl2ss</Filter>
    </ClCompile>
    <ClCompile Include="..\hl2ss\ipc_rc.cpp">
      <Filter>Libraries\hl2ss</Filter>
    </ClCompile>
    <ClCompile Include="..\hl2ss\log.cpp">
      <Filter>Libraries\hl2ss</Filter>
    </ClCompile>
    <ClCompile Include="..\hl2ss\lock.cpp">
      <Filter>Libraries\hl2ss</Filter>
    </ClCompile>
    <ClCompile Include="..\hl2ss\ipc_sm.cpp">
      <Filter>Libraries\hl2ss</Filter>
    </ClCompile>
    <ClCompile Include="..\hl2ss\spatial_mapping.cpp">
      <Filter>Libraries\hl2ss</Filter>
    </ClCompile>
    <ClCompile Include="..\hl2ss\ipc_su.cpp">
      <Filter>Libraries\hl2ss</Filter>
    </ClCompile>
    <ClCompile Include="..\hl2ss\scene_understanding.cpp">
      <Filter>Libraries\hl2ss</Filter>
    </ClCompile>
    <ClCompile Include="..\packages\Microsoft.MixedReality.SceneUnderstanding.1.0.14\include\native\Microsoft.MixedReality.SceneUnderstanding.cpp">
      <Filter>Libraries\SceneUnderstanding</Filter>
    </ClCompile>
    <ClCompile Include="..\hl2ss\ipc_vi.cpp">
      <Filter>Libraries\hl2ss</Filter>
    </ClCompile>
    <ClCompile Include="..\hl2ss\voice_input.cpp">
      <Filter>Libraries\hl2ss</Filter>
    </ClCompile>
    <ClCompile Include="..\hl2ss\extended_eye_tracking.cpp">
      <Filter>Libraries\hl2ss</Filter>
    </ClCompile>
    <ClCompile Include="..\hl2ss\stream_eet.cpp">
      <Filter>Libraries\hl2ss</Filter>
    </ClCompile>
    <ClCompile Include="..\hl2ss\stream_rm_zlt.cpp">
      <Filter>Libraries\hl2ss</Filter>
    </ClCompile>
    <ClCompile Include="..\hl2ss\stream_rm_zht.cpp">
      <Filter>Libraries\hl2ss</Filter>
    </ClCompile>
    <ClCompile Include="..\..\3rdparty\Zdepth\zstd\src\debug.c">
      <Filter>Libraries\Zdepth\zstd</Filter>
    </ClCompile>
    <ClCompile Include="..\..\3rdparty\Zdepth\zstd\src\entropy_common.c">
      <Filter>Libraries\Zdepth\zstd</Filter>
    </ClCompile>
    <ClCompile Include="..\..\3rdparty\Zdepth\zstd\src\error_private.c">
      <Filter>Libraries\Zdepth\zstd</Filter>
    </ClCompile>
    <ClCompile Include="..\..\3rdparty\Zdepth\zstd\src\fse_compress.c">
      <Filter>Libraries\Zdepth\zstd</Filter>
    </ClCompile>
    <ClCompile Include="..\..\3rdparty\Zdepth\zstd\src\fse_decompress.c">
      <Filter>Libraries\Zdepth\zstd</Filter>
    </ClCompile>
    <ClCompile Include="..\..\3rdparty\Zdepth\zstd\src\hist.c">
      <Filter>Libraries\Zdepth\zstd</Filter>
    </ClCompile>
    <ClCompile Include="..\..\3rdparty\Zdepth\zstd\src\huf_compress.c">
      <Filter>Libraries\Zdepth\zstd</Filter>
    </ClCompile>
    <ClCompile Include="..\..\3rdparty\Zdepth\zstd\src\huf_decompress.c">
      <Filter>Libraries\Zdepth\zstd</Filter>
    </ClCompile>
    <ClCompile Include="..\..\3rdparty\Zdepth\zstd\src\pool.c">
      <Filter>Libraries\Zdepth\zstd</Filter>
    </ClCompile>
    <ClCompile Include="..\..\3rdparty\Zdepth\zstd\src\threading.c">
      <Filter>Libraries\Zdepth\zstd</Filter>
    </ClCompile>
    <ClCompile Include="..\..\3rdparty\Zdepth\zstd\src\xxhash.c">
      <Filter>Libraries\Zdepth\zstd</Filter>
    </ClCompile>
    <ClCompile Include="..\..\3rdparty\Zdepth\zstd\src\zstd_common.c">
      <Filter>Libraries\Zdepth\zstd</Filter>
    </ClCompile>
    <ClCompile Include="..\..\3rdparty\Zdepth\zstd\src\zstd_compress.c">
      <Filter>Libraries\Zdepth\zstd</Filter>
    </ClCompile>
    <ClCompile Include="..\..\3rdparty\Zdepth\zstd\src\zstd_compress_literals.c">
      <Filter>Libraries\Zdepth\zstd</Filter>
    </ClCompile>
    <ClCompile Include="..\..\3rdparty\Zdepth\zstd\src\zstd_compress_sequences.c">
      <Filter>Libraries\Zdepth\zstd</Filter>
    </ClCompile>
    <ClCompile Include="..\..\3rdparty\Zdepth\zstd\src\zstd_ddict.c">
      <Filter>Libraries\Zdepth\zstd</Filter>
    </ClCompile>
    <ClCompile Include="..\..\3rdparty\Zdepth\zstd\src\zstd_decompress.c">
      <Filter>Libraries\Zdepth\zstd</Filter>
    </ClCompile>
    <ClCompile Include="..\..\3rdparty\Zdepth\zstd\src\zstd_decompress_block.c">
      <Filter>Libraries\Zdepth\zstd</Filter>
    </ClCompile>
    <ClCompile Include="..\..\3rdparty\Zdepth\zstd\src\zstd_double_fast.c">
      <Filter>Libraries\Zdepth\zstd</Filter>
    </ClCompile>
    <ClCompile Include="..\..\3rdparty\Zdepth\zstd\src\zstd_fast.c">
      <Filter>Libraries\Zdepth\zstd</Filter>
    </ClCompile>
    <ClCompile Include="..\..\3rdparty\Zdepth\zstd\src\zstd_lazy.c">
      <Filter>Libraries\Zdepth\zstd</Filter>
    </ClCompile>
    <ClCompile Include="..\..\3rdparty\Zdepth\zstd\src\zstd_ldm.c">
      <Filter>Libraries\Zdepth\zstd</Filter>
    </ClCompile>
    <ClCompile Include="..\..\3rdparty\Zdepth\zstd\src\zstd_opt.c">
      <Filter>Libraries\Zdepth\zstd</Filter>
    </ClCompile>
    <ClCompile Include="..\..\3rdparty\Zdepth\zstd\src\zstdmt_compress.c">
      <Filter>Libraries\Zdepth\zstd</Filter>
    </ClCompile>
    <ClCompile Include="..\..\3rdparty\Zdepth\src\zdepth.cpp">
      <Filter>Libraries\Zdepth</Filter>
    </ClCompile>
    <ClCompile Include="..\hl2ss\custom_video_effect.cpp">
      <Filter>Libraries\hl2ss</Filter>
    </ClCompile>
    <ClCompile Include="..\hl2ss\custom_audio_effect.cpp">
      <Filter>Libraries\hl2ss</Filter>
    </ClCompile>
    <ClCompile Include="..\hl2ss\extended_audio.cpp">
      <Filter>Libraries\hl2ss</Filter>
    </ClCompile>
    <ClCompile Include="..\hl2ss\stream_ea.cpp">
      <Filter>Libraries\hl2ss</Filter>
    </ClCompile>
    <ClCompile Include="..\hl2ss\extended_execution.cpp">
      <Filter>Libraries\hl2ss</Filter>
    </ClCompile>
    <ClCompile Include="..\hl2ss\extended_video.cpp">
      <Filter>Libraries\hl2ss</Filter>
    </ClCompile>
    <ClCompile Include="..\hl2ss\stream_ev.cpp">
      <Filter>Libraries\hl2ss</Filter>
    </ClCompile>
  </ItemGroup>
  <ItemGroup>
    <ClInclude Include="..\hl2ss\custom_hook_callback.h">
      <Filter>Libraries\hl2ss</Filter>
    </ClInclude>
    <ClInclude Include="..\hl2ss\custom_media_buffers.h">
      <Filter>Libraries\hl2ss</Filter>
    </ClInclude>
    <ClInclude Include="..\hl2ss\custom_media_sink.h">
      <Filter>Libraries\hl2ss</Filter>
    </ClInclude>
    <ClInclude Include="..\hl2ss\custom_media_type_handler.h">
      <Filter>Libraries\hl2ss</Filter>
    </ClInclude>
    <ClInclude Include="..\hl2ss\custom_media_types.h">
      <Filter>Libraries\hl2ss</Filter>
    </ClInclude>
    <ClInclude Include="..\hl2ss\custom_sink_hook.h">
      <Filter>Libraries\hl2ss</Filter>
    </ClInclude>
    <ClInclude Include="..\hl2ss\custom_sink_writers.h">
      <Filter>Libraries\hl2ss</Filter>
    </ClInclude>
    <ClInclude Include="..\hl2ss\custom_stream_sink.h">
      <Filter>Libraries\hl2ss</Filter>
    </ClInclude>
    <ClInclude Include="..\hl2ss\locator.h">
      <Filter>Libraries\hl2ss</Filter>
    </ClInclude>
    <ClInclude Include="..\hl2ss\microphone_capture.h">
      <Filter>Libraries\hl2ss</Filter>
    </ClInclude>
    <ClInclude Include="..\hl2ss\personal_video.h">
      <Filter>Libraries\hl2ss</Filter>
    </ClInclude>
    <ClInclude Include="..\hl2ss\ports.h">
      <Filter>Libraries\hl2ss</Filter>
    </ClInclude>
    <ClInclude Include="..\hl2ss\research_mode.h">
      <Filter>Libraries\hl2ss</Filter>
    </ClInclude>
    <ClInclude Include="..\hl2ss\server.h">
      <Filter>Libraries\hl2ss</Filter>
    </ClInclude>
    <ClInclude Include="..\hl2ss\spatial_input.h">
      <Filter>Libraries\hl2ss</Filter>
    </ClInclude>
    <ClInclude Include="..\hl2ss\stream_mc.h">
      <Filter>Libraries\hl2ss</Filter>
    </ClInclude>
    <ClInclude Include="..\hl2ss\stream_pv.h">
      <Filter>Libraries\hl2ss</Filter>
    </ClInclude>
    <ClInclude Include="..\hl2ss\stream_rm.h">
      <Filter>Libraries\hl2ss</Filter>
    </ClInclude>
    <ClInclude Include="..\hl2ss\stream_rm_imu.h">
      <Filter>Libraries\hl2ss</Filter>
    </ClInclude>
    <ClInclude Include="..\hl2ss\stream_rm_vlc.h">
      <Filter>Libraries\hl2ss</Filter>
    </ClInclude>
    <ClInclude Include="..\hl2ss\types.h">
      <Filter>Libraries\hl2ss</Filter>
    </ClInclude>
    <ClInclude Include="ipc.h">
      <Filter>Header Files</Filter>
    </ClInclude>
    <ClInclude Include="plugin.h">
      <Filter>Header Files</Filter>
    </ClInclude>
    <ClInclude Include="..\hl2ss\stream_si.h">
      <Filter>Libraries\hl2ss</Filter>
    </ClInclude>
    <ClInclude Include="hl2ss.h">
      <Filter>Header Files</Filter>
    </ClInclude>
    <ClInclude Include="..\hl2ss\timestamps.h">
      <Filter>Libraries\hl2ss</Filter>
    </ClInclude>
    <ClInclude Include="..\hl2ss\nfo.h">
      <Filter>Libraries\hl2ss</Filter>
    </ClInclude>
    <ClInclude Include="..\hl2ss\neon.h">
      <Filter>Libraries\hl2ss</Filter>
    </ClInclude>
    <ClInclude Include="..\hl2ss\ipc_sc.h">
      <Filter>Libraries\hl2ss</Filter>
    </ClInclude>
    <ClInclude Include="..\hl2ss\ipc_rc.h">
      <Filter>Libraries\hl2ss</Filter>
    </ClInclude>
    <ClInclude Include="..\hl2ss\log.h">
      <Filter>Libraries\hl2ss</Filter>
    </ClInclude>
    <ClInclude Include="..\hl2ss\lock.h">
      <Filter>Libraries\hl2ss</Filter>
    </ClInclude>
    <ClInclude Include="configuration.h">
      <Filter>Header Files</Filter>
    </ClInclude>
    <ClInclude Include="..\hl2ss\ipc_sm.h">
      <Filter>Libraries\hl2ss</Filter>
    </ClInclude>
    <ClInclude Include="..\hl2ss\spatial_mapping.h">
      <Filter>Libraries\hl2ss</Filter>
    </ClInclude>
    <ClInclude Include="..\hl2ss\ipc_su.h">
      <Filter>Libraries\hl2ss</Filter>
    </ClInclude>
    <ClInclude Include="..\hl2ss\scene_understanding.h">
      <Filter>Libraries\hl2ss</Filter>
    </ClInclude>
    <ClInclude Include="..\hl2ss\ipc_vi.h">
      <Filter>Libraries\hl2ss</Filter>
    </ClInclude>
    <ClInclude Include="..\hl2ss\voice_input.h">
      <Filter>Libraries\hl2ss</Filter>
    </ClInclude>
    <ClInclude Include="..\hl2ss\extended_eye_tracking.h">
      <Filter>Libraries\hl2ss</Filter>
    </ClInclude>
    <ClInclude Include="..\hl2ss\stream_eet.h">
      <Filter>Libraries\hl2ss</Filter>
    </ClInclude>
    <ClInclude Include="..\hl2ss\stream_rm_zlt.h">
      <Filter>Libraries\hl2ss</Filter>
    </ClInclude>
    <ClInclude Include="..\hl2ss\stream_rm_zht.h">
      <Filter>Libraries\hl2ss</Filter>
    </ClInclude>
    <ClInclude Include="..\..\3rdparty\Zdepth\zstd\include\fse.h">
      <Filter>Libraries\Zdepth\zstd</Filter>
    </ClInclude>
    <ClInclude Include="..\..\3rdparty\Zdepth\zstd\include\huf.h">
      <Filter>Libraries\Zdepth\zstd</Filter>
    </ClInclude>
    <ClInclude Include="..\..\3rdparty\Zdepth\zstd\include\xxhash.h">
      <Filter>Libraries\Zdepth\zstd</Filter>
    </ClInclude>
    <ClInclude Include="..\..\3rdparty\Zdepth\zstd\include\zstd.h">
      <Filter>Libraries\Zdepth\zstd</Filter>
    </ClInclude>
    <ClInclude Include="..\..\3rdparty\Zdepth\zstd\src\bitstream.h">
      <Filter>Libraries\Zdepth\zstd</Filter>
    </ClInclude>
    <ClInclude Include="..\..\3rdparty\Zdepth\zstd\src\compiler.h">
      <Filter>Libraries\Zdepth\zstd</Filter>
    </ClInclude>
    <ClInclude Include="..\..\3rdparty\Zdepth\zstd\src\cpu.h">
      <Filter>Libraries\Zdepth\zstd</Filter>
    </ClInclude>
    <ClInclude Include="..\..\3rdparty\Zdepth\zstd\src\debug.h">
      <Filter>Libraries\Zdepth\zstd</Filter>
    </ClInclude>
    <ClInclude Include="..\..\3rdparty\Zdepth\zstd\src\error_private.h">
      <Filter>Libraries\Zdepth\zstd</Filter>
    </ClInclude>
    <ClInclude Include="..\..\3rdparty\Zdepth\zstd\src\hist.h">
      <Filter>Libraries\Zdepth\zstd</Filter>
    </ClInclude>
    <ClInclude Include="..\..\3rdparty\Zdepth\zstd\src\mem.h">
      <Filter>Libraries\Zdepth\zstd</Filter>
    </ClInclude>
    <ClInclude Include="..\..\3rdparty\Zdepth\zstd\src\pool.h">
      <Filter>Libraries\Zdepth\zstd</Filter>
    </ClInclude>
    <ClInclude Include="..\..\3rdparty\Zdepth\zstd\src\threading.h">
      <Filter>Libraries\Zdepth\zstd</Filter>
    </ClInclude>
    <ClInclude Include="..\..\3rdparty\Zdepth\zstd\src\zstd_compress_internal.h">
      <Filter>Libraries\Zdepth\zstd</Filter>
    </ClInclude>
    <ClInclude Include="..\..\3rdparty\Zdepth\zstd\src\zstd_compress_literals.h">
      <Filter>Libraries\Zdepth\zstd</Filter>
    </ClInclude>
    <ClInclude Include="..\..\3rdparty\Zdepth\zstd\src\zstd_compress_sequences.h">
      <Filter>Libraries\Zdepth\zstd</Filter>
    </ClInclude>
    <ClInclude Include="..\..\3rdparty\Zdepth\zstd\src\zstd_ddict.h">
      <Filter>Libraries\Zdepth\zstd</Filter>
    </ClInclude>
    <ClInclude Include="..\..\3rdparty\Zdepth\zstd\src\zstd_decompress_block.h">
      <Filter>Libraries\Zdepth\zstd</Filter>
    </ClInclude>
    <ClInclude Include="..\..\3rdparty\Zdepth\zstd\src\zstd_decompress_internal.h">
      <Filter>Libraries\Zdepth\zstd</Filter>
    </ClInclude>
    <ClInclude Include="..\..\3rdparty\Zdepth\zstd\src\zstd_double_fast.h">
      <Filter>Libraries\Zdepth\zstd</Filter>
    </ClInclude>
    <ClInclude Include="..\..\3rdparty\Zdepth\zstd\src\zstd_errors.h">
      <Filter>Libraries\Zdepth\zstd</Filter>
    </ClInclude>
    <ClInclude Include="..\..\3rdparty\Zdepth\zstd\src\zstd_fast.h">
      <Filter>Libraries\Zdepth\zstd</Filter>
    </ClInclude>
    <ClInclude Include="..\..\3rdparty\Zdepth\zstd\src\zstd_internal.h">
      <Filter>Libraries\Zdepth\zstd</Filter>
    </ClInclude>
    <ClInclude Include="..\..\3rdparty\Zdepth\zstd\src\zstd_lazy.h">
      <Filter>Libraries\Zdepth\zstd</Filter>
    </ClInclude>
    <ClInclude Include="..\..\3rdparty\Zdepth\zstd\src\zstd_ldm.h">
      <Filter>Libraries\Zdepth\zstd</Filter>
    </ClInclude>
    <ClInclude Include="..\..\3rdparty\Zdepth\zstd\src\zstd_opt.h">
      <Filter>Libraries\Zdepth\zstd</Filter>
    </ClInclude>
    <ClInclude Include="..\..\3rdparty\Zdepth\zstd\src\zstdmt_compress.h">
      <Filter>Libraries\Zdepth\zstd</Filter>
    </ClInclude>
    <ClInclude Include="..\..\3rdparty\Zdepth\include\zdepth.hpp">
      <Filter>Libraries\Zdepth</Filter>
    </ClInclude>
    <ClInclude Include="..\hl2ss\custom_video_effect.h">
      <Filter>Libraries\hl2ss</Filter>
    </ClInclude>
    <ClInclude Include="..\hl2ss\custom_audio_effect.h">
      <Filter>Libraries\hl2ss</Filter>
    </ClInclude>
    <ClInclude Include="..\hl2ss\extended_audio.h">
      <Filter>Libraries\hl2ss</Filter>
    </ClInclude>
    <ClInclude Include="..\hl2ss\stream_ea.h">
      <Filter>Libraries\hl2ss</Filter>
    </ClInclude>
    <ClInclude Include="..\hl2ss\extended_execution.h">
      <Filter>Libraries\hl2ss</Filter>
    </ClInclude>
    <ClInclude Include="..\hl2ss\extended_video.h">
      <Filter>Libraries\hl2ss</Filter>
    </ClInclude>
    <ClInclude Include="..\hl2ss\stream_ev.h">
      <Filter>Libraries\hl2ss</Filter>
    </ClInclude>
  </ItemGroup>
  <ItemGroup>
    <None Include="..\packages\Microsoft.MixedReality.SceneUnderstanding.1.0.14\runtimes\win10-arm64\native\Microsoft.MixedReality.SceneUnderstanding.dll">
      <Filter>Libraries\SceneUnderstanding</Filter>
    </None>
  </ItemGroup>
</Project>