<?xml version="1.0" encoding="utf-8"?>
<Project ToolsVersion="15.0" xmlns="http://schemas.microsoft.com/developer/msbuild/2003">
  <ItemGroup>
    <Filter Include="Resource Files">
      <UniqueIdentifier>{67DA6AB6-F800-4c08-8B7A-83BB121AAD01}</UniqueIdentifier>
      <Extensions>rc;ico;cur;bmp;dlg;rc2;rct;bin;rgs;gif;jpg;jpeg;jpe;resx;tga;tiff;tif;png;wav;mfcribbon-ms</Extensions>
    </Filter>
    <Filter Include="Libraries">
      <UniqueIdentifier>{93542143-d84e-48d5-a975-45ec5e515807}</UniqueIdentifier>
    </Filter>
    <Filter Include="Libraries\hl2ss">
      <UniqueIdentifier>{2f991f73-93da-422e-90f4-5a3b8e6fcfc9}</UniqueIdentifier>
    </Filter>
  </ItemGroup>
  <ItemGroup>
    <ClCompile Include="plugin.cpp" />
    <ClCompile Include="..\hl2ss\custom_hook_callback.cpp">
      <Filter>Libraries\hl2ss</Filter>
    </ClCompile>
    <ClCompile Include="..\hl2ss\custom_media_buffers.cpp">
      <Filter>Libraries\hl2ss</Filter>
    </ClCompile>
    <ClCompile Include="..\hl2ss\custom_media_sink.cpp">
      <Filter>Libraries\hl2ss</Filter>
    </ClCompile>
    <ClCompile Include="..\hl2ss\custom_media_type_handler.cpp">
      <Filter>Libraries\hl2ss</Filter>
    </ClCompile>
    <ClCompile Include="..\hl2ss\custom_media_types.cpp">
      <Filter>Libraries\hl2ss</Filter>
    </ClCompile>
    <ClCompile Include="..\hl2ss\custom_sink_writers.cpp">
      <Filter>Libraries\hl2ss</Filter>
    </ClCompile>
    <ClCompile Include="..\hl2ss\custom_stream_sink.cpp">
      <Filter>Libraries\hl2ss</Filter>
    </ClCompile>
    <ClCompile Include="..\hl2ss\locator.cpp">
      <Filter>Libraries\hl2ss</Filter>
    </ClCompile>
    <ClCompile Include="..\hl2ss\microphone_capture.cpp">
      <Filter>Libraries\hl2ss</Filter>
    </ClCompile>
    <ClCompile Include="..\hl2ss\personal_video.cpp">
      <Filter>Libraries\hl2ss</Filter>
    </ClCompile>
    <ClCompile Include="..\hl2ss\research_mode.cpp">
      <Filter>Libraries\hl2ss</Filter>
    </ClCompile>
    <ClCompile Include="..\hl2ss\server.cpp">
      <Filter>Libraries\hl2ss</Filter>
    </ClCompile>
    <ClCompile Include="..\hl2ss\spatial_input.cpp">
      <Filter>Libraries\hl2ss</Filter>
    </ClCompile>
    <ClCompile Include="..\hl2ss\stream_mc.cpp">
      <Filter>Libraries\hl2ss</Filter>
    </ClCompile>
    <ClCompile Include="..\hl2ss\stream_pv.cpp">
      <Filter>Libraries\hl2ss</Filter>
    </ClCompile>
    <ClCompile Include="..\hl2ss\stream_rm.cpp">
      <Filter>Libraries\hl2ss</Filter>
    </ClCompile>
    <ClCompile Include="..\hl2ss\stream_rm_imu.cpp">
      <Filter>Libraries\hl2ss</Filter>
    </ClCompile>
    <ClCompile Include="..\hl2ss\stream_rm_vlc.cpp">
      <Filter>Libraries\hl2ss</Filter>
    </ClCompile>
    <ClCompile Include="..\hl2ss\stream_rm_zab.cpp">
      <Filter>Libraries\hl2ss</Filter>
    </ClCompile>
    <ClCompile Include="..\hl2ss\utilities.cpp">
      <Filter>Libraries\hl2ss</Filter>
    </ClCompile>
  </ItemGroup>
  <ItemGroup>
    <ClInclude Include="..\hl2ss\custom_hook_callback.h">
      <Filter>Libraries\hl2ss</Filter>
    </ClInclude>
    <ClInclude Include="..\hl2ss\custom_media_buffers.h">
      <Filter>Libraries\hl2ss</Filter>
    </ClInclude>
    <ClInclude Include="..\hl2ss\custom_media_sink.h">
      <Filter>Libraries\hl2ss</Filter>
    </ClInclude>
    <ClInclude Include="..\hl2ss\custom_media_type_handler.h">
      <Filter>Libraries\hl2ss</Filter>
    </ClInclude>
    <ClInclude Include="..\hl2ss\custom_media_types.h">
      <Filter>Libraries\hl2ss</Filter>
    </ClInclude>
    <ClInclude Include="..\hl2ss\custom_sink_hook.h">
      <Filter>Libraries\hl2ss</Filter>
    </ClInclude>
    <ClInclude Include="..\hl2ss\custom_sink_writers.h">
      <Filter>Libraries\hl2ss</Filter>
    </ClInclude>
    <ClInclude Include="..\hl2ss\custom_stream_sink.h">
      <Filter>Libraries\hl2ss</Filter>
    </ClInclude>
    <ClInclude Include="..\hl2ss\locator.h">
      <Filter>Libraries\hl2ss</Filter>
    </ClInclude>
    <ClInclude Include="..\hl2ss\microphone_capture.h">
      <Filter>Libraries\hl2ss</Filter>
    </ClInclude>
    <ClInclude Include="..\hl2ss\personal_video.h">
      <Filter>Libraries\hl2ss</Filter>
    </ClInclude>
    <ClInclude Include="..\hl2ss\ports.h">
      <Filter>Libraries\hl2ss</Filter>
    </ClInclude>
    <ClInclude Include="..\hl2ss\research_mode.h">
      <Filter>Libraries\hl2ss</Filter>
    </ClInclude>
    <ClInclude Include="..\hl2ss\server.h">
      <Filter>Libraries\hl2ss</Filter>
    </ClInclude>
    <ClInclude Include="..\hl2ss\spatial_input.h">
      <Filter>Libraries\hl2ss</Filter>
    </ClInclude>
    <ClInclude Include="..\hl2ss\stream_mc.h">
      <Filter>Libraries\hl2ss</Filter>
    </ClInclude>
    <ClInclude Include="..\hl2ss\stream_pv.h">
      <Filter>Libraries\hl2ss</Filter>
    </ClInclude>
    <ClInclude Include="..\hl2ss\stream_rm.h">
      <Filter>Libraries\hl2ss</Filter>
    </ClInclude>
    <ClInclude Include="..\hl2ss\stream_rm_imu.h">
      <Filter>Libraries\hl2ss</Filter>
    </ClInclude>
    <ClInclude Include="..\hl2ss\stream_rm_vlc.h">
      <Filter>Libraries\hl2ss</Filter>
    </ClInclude>
    <ClInclude Include="..\hl2ss\stream_rm_zab.h">
      <Filter>Libraries\hl2ss</Filter>
    </ClInclude>
    <ClInclude Include="..\hl2ss\types.h">
      <Filter>Libraries\hl2ss</Filter>
    </ClInclude>
    <ClInclude Include="..\hl2ss\utilities.h">
      <Filter>Libraries\hl2ss</Filter>
    </ClInclude>
  </ItemGroup>
</Project>